
Microsoft Visual Studio Solution File, Format Version 12.00
# Visual Studio Version 16
VisualStudioVersion = 16.0.28922.388
MinimumVisualStudioVersion = 10.0.40219.1
Project("{FAE04EC0-301F-11D3-BF4B-00C04F79EFBC}") = "Genesis.BusinessApp.Web", "Genesis.BusinessApp.Web\Genesis.BusinessApp.Web.csproj", "{1B47CF97-7211-4FC2-8BC1-F77BB588F927}"
EndProject
Global
	GlobalSection(SolutionConfigurationPlatforms) = preSolution
		Debug|Any CPU = Debug|Any CPU
		Release|Any CPU = Release|Any CPU
	EndGlobalSection
	GlobalSection(ProjectConfigurationPlatforms) = postSolution
		{1B47CF97-7211-4FC2-8BC1-F77BB588F927}.Debug|Any CPU.ActiveCfg = Debug|Any CPU
		{1B47CF97-7211-4FC2-8BC1-F77BB588F927}.Debug|Any CPU.Build.0 = Debug|Any CPU
		{1B47CF97-7211-4FC2-8BC1-F77BB588F927}.Release|Any CPU.ActiveCfg = Release|Any CPU
		{1B47CF97-7211-4FC2-8BC1-F77BB588F927}.Release|Any CPU.Build.0 = Release|Any CPU
	EndGlobalSection
	GlobalSection(SolutionProperties) = preSolution
		HideSolutionNode = FALSE
	EndGlobalSection
	GlobalSection(ExtensibilityGlobals) = postSolution
		SolutionGuid = {540280F8-8776-413F-8713-6E510B6A1219}
	EndGlobalSection
EndGlobal
